
Microsoft Visual Studio Solution File, Format Version 12.00
# Visual Studio Version 16
VisualStudioVersion = 25.0.1706.4
MinimumVisualStudioVersion = 10.0.40219.1
Project("{FAE04EC0-301F-11D3-BF4B-00C04F79EFBC}") = "PWEB_FIcha1", "PWEB_FIcha1\PWEB_FIcha1.csproj", "{959A864D-DCFA-4EEE-B88A-DE773AC20AA7}"
EndProject
Global
	GlobalSection(SolutionConfigurationPlatforms) = preSolution
		Debug|Any CPU = Debug|Any CPU
		Release|Any CPU = Release|Any CPU
	EndGlobalSection
	GlobalSection(ProjectConfigurationPlatforms) = postSolution
		{959A864D-DCFA-4EEE-B88A-DE773AC20AA7}.Debug|Any CPU.ActiveCfg = Debug|Any CPU
		{959A864D-DCFA-4EEE-B88A-DE773AC20AA7}.Debug|Any CPU.Build.0 = Debug|Any CPU
		{959A864D-DCFA-4EEE-B88A-DE773AC20AA7}.Release|Any CPU.ActiveCfg = Release|Any CPU
		{959A864D-DCFA-4EEE-B88A-DE773AC20AA7}.Release|Any CPU.Build.0 = Release|Any CPU
	EndGlobalSection
	GlobalSection(SolutionProperties) = preSolution
		HideSolutionNode = FALSE
	EndGlobalSection
	GlobalSection(ExtensibilityGlobals) = postSolution
		SolutionGuid = {E117F136-4DC9-48E0-9C75-E6CDD0D0033B}
	EndGlobalSection
EndGlobal
